github.com/Antonboom/errname v1.1.1 h1:bllB7mlIbTVzO9jmSWVWLjxTEbGBVQ1Ff/ClQgtPw9Q=
github.com/Antonboom/errname v1.1.1/go.mod h1:gjhe24xoxXp0ScLtHzjiXp0Exi1RFLKJb0bVBtWKCWQ=
github.com/google/go-cmp v0.6.0/go.mod h1:17dUlkBOakJ0+DkrSSNjCkIjxS6bF9zb3elmeNGIjoY=
github.com/google/go-cmp v0.7.0 h1:wk8382ETsv4JYUZwIsn6YpYiWiBsYLSJiTsyBybVuN8=
github.com/google/go-cmp v0.7.0/go.mod h1:pXiqmnSA92OHEEa9HXL2W4E7lf9JzCmGVUdgjX3N/iU=
github.com/kisielk/errcheck v1.9.0 h1:9xt1zI9EBfcYBvdU1nVrzMzzUPUtPKs9bVSIM3TAb3M=
github.com/kisielk/errcheck v1.9.0/go.mod h1:kQxWMMVZgIkDq7U8xtG/n2juOjbLgZtedi0D+/VL/i8=
golang.org/x/mod v0.30.0 h1:fDEXFVZ/fmCKProc/yAXXUijritrDzahmwwefnjoPFk=
golang.org/x/mod v0.30.0/go.mod h1:lAsf5O2EvJeSFMiBxXDki7sCgAxEUcZHXoXMKT4GJKc=
golang.org/x/sync v0.18.0 h1:kr88TuHDroi+UVf+0hZnirlk8o8T+4MrK6mr60WkH/I=
golang.org/x/sync v0.18.0/go.mod h1:9KTHXmSnoGruLpwFjVSX0lNNA75CykiMECbovNTZqGI=
golang.org/x/sys v0.38.0 h1:3yZWxaJjBmCWXqhN1qh02AkOnCQ1poK6oF+a7xWL6Gc=
golang.org/x/sys v0.38.0/go.mod h1:OgkHotnGiDImocRcuBABYBEXf8A9a87e/uXjp9XT3ks=
golang.org/x/telemetry v0.0.0-20251111182119-bc8e575c7b54 h1:E2/AqCUMZGgd73TQkxUMcMla25GB9i/5HOdLr+uH7Vo=
golang.org/x/telemetry v0.0.0-20251111182119-bc8e575c7b54/go.mod h1:hKdjCMrbv9skySur+Nek8Hd0uJ0GuxJIoIX2payrIdQ=
golang.org/x/tools v0.39.0 h1:ik4ho21kwuQln40uelmciQPp9SipgNDdrafrYA4TmQQ=
golang.org/x/tools v0.39.0/go.mod h1:JnefbkDPyD8UU2kI5fuf8ZX4/yUeh9W877ZeBONxUqQ=
gotest.tools/v3 v3.5.1 h1:EENdUnS3pdur5nybKYIh2Vfgc8IUNBjxDPSjtiJcOzU=
gotest.tools/v3 v3.5.1/go.mod h1:isy3WKz7GK6uNw/sbHzfKBLvlvXwUyV06n6brMxxopU=
labs.lesiw.io/ops v0.0.0-20260218014211-4fbc54d14da7 h1:8OU34qAcr2/0cMEzOzgcnH++9rVk4Vu4se+dGuDodko=
labs.lesiw.io/ops v0.0.0-20260218014211-4fbc54d14da7/go.mod h1:7JXkiyejJH9YPXR0B4AtMZM2IwrFPuknBFcxOr6flr4=
lesiw.io/checker v0.12.1-0.20260208011356-b1121c49fa1e h1:nVVCxGFq3fQIwzYwwno9zVXJUyPU530/XQmCZu5DlJw=
lesiw.io/checker v0.12.1-0.20260208011356-b1121c49fa1e/go.mod h1:NC0RYp20ARqh3ZXTcqbHiLXulFTndAAx46oGJ+yySxY=
lesiw.io/clerk v0.2.0 h1:Rcq19dHx9TRk4Rkpm9Sw/KGySUxrNmPhrcmU2EQhBYo=
lesiw.io/clerk v0.2.0/go.mod h1:WMyvgTe+3Eob36b6KX86MOaxaeNMvv/HZTSsf2Dedhg=
lesiw.io/command v0.0.0-20260126021408-77eb589ec7af h1:rv+at43vBymDCbrHa0sE24529YsAvPv5W0pEH4dXGdg=
lesiw.io/command v0.0.0-20260126021408-77eb589ec7af/go.mod h1:AS26Aa/k30YRCTFdOhZdClaZgcHFNJDMimGZ+NCfAjA=
lesiw.io/defers v0.9.0 h1:Sg7RYbhxfHhXMHclO65MJ4oRbyhfSBSeHQw4YjLr6n0=
lesiw.io/defers v0.9.0/go.mod h1:AP09yGFHxL5vmTVJxkPL33N1hWI4OzHwTEOzilbDZU4=
lesiw.io/errcheck v1.0.0 h1:jVwNVL8YfjXY3xCJ7byHn+s8MwlvxqsuDjV4406Euo8=
lesiw.io/errcheck v1.0.0/go.mod h1:iKZxbcdSpC2cYZ+Pyp/7fEbsvgEHdEqECi0Yb/GkA2g=
lesiw.io/flag v0.7.0 h1:+8rTdoplDMBhOSKok5eKP6ZuLLPTodkDABRY7jfX5JU=
lesiw.io/flag v0.7.0/go.mod h1:bJx6Hir8MAXkNiO6BbrvhwZuaJF4rQWthQ7pc1DlWZY=
lesiw.io/fs v0.6.0 h1:PaJCDCRXnZx+qzxUIV5OVznkpAW0wyxR4CNBRt0X0GY=
lesiw.io/fs v0.6.0/go.mod h1:Ymd7wORG0L+F7DddtEwd+vHDvlZCOgJjKPdb8AXZ33s=
lesiw.io/linelen v0.2.0 h1:TUl3UbKObelz/+xu+vRXGGBDv+489w4gQvakl1HcEw0=
lesiw.io/linelen v0.2.0/go.mod h1:fIC4E7CrM4QX/ipr1NkG+l82Lfzi8X6/1R7e1guYh6I=
lesiw.io/ops v0.15.0 h1:Nzo9r3XAC+M2A2CXw9J5rdTjSkkqhZ5pHZ7FtQc+Te4=
lesiw.io/ops v0.15.0/go.mod h1:onq4+252Tz6+DzGMtUiibOm7+KJW+ty8v5OBJ91Yb7M=
lesiw.io/plscheck v0.21.0 h1:N3uwYsezj8PLeQpQk86mKdXCjfMVogNEX6FOgCzJRvA=
lesiw.io/plscheck v0.21.0/go.mod h1:ETr4dgHsxf0ZUmsdZtnklIiF39TjNdBThJLa5ClxZQg=
lesiw.io/prefix v0.1.0 h1:2Ors12avAiADgMbsQHh27wQmoSI+4aZSW2uTBdDmIZg=
lesiw.io/prefix v0.1.0/go.mod h1:yrUaJpvikavNodwcL64crLnSf3t1NWeNi/vNu5hUi2Y=
lesiw.io/tidytypes v0.2.0 h1:U/MI+Cwm5ShPEBEnKuVHtyU7o46gW4zPUojBUhd+/YM=
lesiw.io/tidytypes v0.2.0/go.mod h1:RiOthB+QiQSCAwPA7SyTO86XN/crZekhwDCfAUivIcA=
lesiw.io/zeros v0.3.0 h1:JtGmWqfNilTK8hm3UGi1TpnKIuLpXbiOEUNuZpBVFzQ=
lesiw.io/zeros v0.3.0/go.mod h1:KTTwOIVEfcHQEnbDnBdLWJJdYG8+GrE3oGvMhPgsieA=
